
Microsoft Visual Studio Solution File, Format Version 12.00
# Visual Studio Version 17
VisualStudioVersion = 17.12.35707.178
MinimumVisualStudioVersion = 10.0.40219.1
Project("{2150E333-8FDC-42A3-9474-1A3956D46DE8}") = "Services", "Services", "{6586D727-9FFA-44F4-A888-8CFBD362464E}"
EndProject
Project("{2150E333-8FDC-42A3-9474-1A3956D46DE8}") = "Catalog", "Catalog", "{03990587-7C7A-4789-9A71-0D2CB9F8B0C3}"
EndProject
Project("{FAE04EC0-301F-11D3-BF4B-00C04F79EFBC}") = "MultiShop.Catalog", "Services\Catalog\MultiShop.Catalog\MultiShop.Catalog.csproj", "{6E3B08EB-74DB-47B0-81C3-E8CFC6303DC4}"
EndProject
Project("{2150E333-8FDC-42A3-9474-1A3956D46DE8}") = "Discount", "Discount", "{A83D6FC2-C25B-43A5-8EC7-41088C2055C5}"
EndProject
Project("{FAE04EC0-301F-11D3-BF4B-00C04F79EFBC}") = "MultiShop.Discount", "Services\Discount\MultiShop.Discount\MultiShop.Discount.csproj", "{44FD1384-08B0-4C3B-8E31-084AF0CF3719}"
EndProject
Project("{2150E333-8FDC-42A3-9474-1A3956D46DE8}") = "Order", "Order", "{A5936731-2681-405A-8604-5538ED405559}"
EndProject
Project("{2150E333-8FDC-42A3-9474-1A3956D46DE8}") = "Core", "Core", "{46502B5A-DC17-4D4C-9772-9B97A7524678}"
EndProject
Project("{2150E333-8FDC-42A3-9474-1A3956D46DE8}") = "Infrastructure", "Infrastructure", "{780F0B90-9DD6-4CB5-BAB0-CEABF929728F}"
EndProject
Project("{2150E333-8FDC-42A3-9474-1A3956D46DE8}") = "Presentation", "Presentation", "{AA8E4DF7-554F-49A6-A9FB-0866167B5BFC}"
EndProject
Project("{FAE04EC0-301F-11D3-BF4B-00C04F79EFBC}") = "MultiShop.Order.Domain", "Services\Order\Core\MultiShop.Order.Domain\MultiShop.Order.Domain.csproj", "{F2544F69-C4E1-49A3-AEC2-1C206EC92D9C}"
EndProject
Project("{FAE04EC0-301F-11D3-BF4B-00C04F79EFBC}") = "MultiShop.Order.Application", "Services\Order\Core\MultiShop.Order.Application\MultiShop.Order.Application.csproj", "{C4170D3D-903E-4CF7-8404-2A812EC5E964}"
EndProject
Project("{FAE04EC0-301F-11D3-BF4B-00C04F79EFBC}") = "MultiShop.Order.Persistence", "..\MultiShopServices\Order\Infrastructure\MultiShop.Order.Persistence\MultiShop.Order.Persistence.csproj", "{4C81DB4B-C95F-4C37-B99D-4B39D6ECC358}"
EndProject
Project("{FAE04EC0-301F-11D3-BF4B-00C04F79EFBC}") = "MultiShop.Order.WebApi", "Services\Order\Presentation\MultiShop.Order.WebApi\MultiShop.Order.WebApi.csproj", "{EB9194A8-0D0C-4312-9C8E-DF26942817AF}"
EndProject
Project("{2150E333-8FDC-42A3-9474-1A3956D46DE8}") = "IdentityServer", "IdentityServer", "{D4CD7088-2DE3-4709-8089-237CCBB0D11B}"
EndProject
Project("{2150E333-8FDC-42A3-9474-1A3956D46DE8}") = "Cargo", "Cargo", "{9D3A7937-4940-46C1-BCEA-AC255979D3C0}"
EndProject
Project("{FAE04EC0-301F-11D3-BF4B-00C04F79EFBC}") = "MultiShop.Cargo.EntityLayer", "Services\Cargo\MultiShop.Cargo.EntityLayer\MultiShop.Cargo.EntityLayer.csproj", "{C6B22F40-6515-4879-A2CB-6D870807FAC0}"
EndProject
Project("{FAE04EC0-301F-11D3-BF4B-00C04F79EFBC}") = "MultiShop.Cargo.BusinessLayer", "Services\Cargo\MultiShop.Cargo.BusinessLayer\MultiShop.Cargo.BusinessLayer.csproj", "{3D65B513-6D49-4835-9E78-E705EC6D9AF7}"
EndProject
Project("{FAE04EC0-301F-11D3-BF4B-00C04F79EFBC}") = "MultiShop.Cargo.DataAccessLayer", "Services\Cargo\MultiShop.Cargo.DataAccessLayer\MultiShop.Cargo.DataAccessLayer.csproj", "{6F3E0BEE-6AB1-4149-9542-3C19829D937E}"
EndProject
Project("{FAE04EC0-301F-11D3-BF4B-00C04F79EFBC}") = "MultiShop.Cargo.DtoLayer", "Services\Cargo\MultiShop.Cargo.DtoLayer\MultiShop.Cargo.DtoLayer.csproj", "{80A7B80F-A52D-45B0-A61B-2950EE6E96D5}"
EndProject
Project("{FAE04EC0-301F-11D3-BF4B-00C04F79EFBC}") = "MultiShop.Cargo.WebAPI", "Services\Cargo\MultiShop.Cargo.WebAPI\MultiShop.Cargo.WebAPI.csproj", "{77ACF696-6243-43D8-B4D0-C465DB9D539D}"
EndProject
Project("{2150E333-8FDC-42A3-9474-1A3956D46DE8}") = "Basket", "Basket", "{80E51552-8AC9-4EB9-918F-586CC0FF9D49}"
EndProject
Project("{FAE04EC0-301F-11D3-BF4B-00C04F79EFBC}") = "MultiShop.Basket", "Services\Basket\MultiShop.Basket\MultiShop.Basket.csproj", "{747A5250-9311-461B-9EC8-4309609543C4}"
EndProject
Project("{FAE04EC0-301F-11D3-BF4B-00C04F79EFBC}") = "MultiShop.IdentityServer", "İdentityServer\MultiShop.IdentityServer\MultiShop.IdentityServer.csproj", "{8BD5E734-2E85-4341-8FD9-4C5415185F90}"
EndProject
Project("{FAE04EC0-301F-11D3-BF4B-00C04F79EFBC}") = "Notlar", "Notlar\Notlar.csproj", "{5CCD72A8-9579-47CB-99BB-ADD2365708D7}"
EndProject
Project("{2150E333-8FDC-42A3-9474-1A3956D46DE8}") = "Fronted", "Fronted", "{58BFD978-87A8-486B-9687-759C00757151}"
EndProject
Project("{FAE04EC0-301F-11D3-BF4B-00C04F79EFBC}") = "MultiShop.WebUI", "Fronted\MultiShop.WebUI\MultiShop.WebUI.csproj", "{A3C380C5-F215-4ABD-B4A0-4265537615D2}"
EndProject
Global
	GlobalSection(SolutionConfigurationPlatforms) = preSolution
		Debug|Any CPU = Debug|Any CPU
		Release|Any CPU = Release|Any CPU
	EndGlobalSection
	GlobalSection(ProjectConfigurationPlatforms) = postSolution
		{6E3B08EB-74DB-47B0-81C3-E8CFC6303DC4}.Debug|Any CPU.ActiveCfg = Debug|Any CPU
		{6E3B08EB-74DB-47B0-81C3-E8CFC6303DC4}.Debug|Any CPU.Build.0 = Debug|Any CPU
		{6E3B08EB-74DB-47B0-81C3-E8CFC6303DC4}.Release|Any CPU.ActiveCfg = Release|Any CPU
		{6E3B08EB-74DB-47B0-81C3-E8CFC6303DC4}.Release|Any CPU.Build.0 = Release|Any CPU
		{44FD1384-08B0-4C3B-8E31-084AF0CF3719}.Debug|Any CPU.ActiveCfg = Debug|Any CPU
		{44FD1384-08B0-4C3B-8E31-084AF0CF3719}.Debug|Any CPU.Build.0 = Debug|Any CPU
		{44FD1384-08B0-4C3B-8E31-084AF0CF3719}.Release|Any CPU.ActiveCfg = Release|Any CPU
		{44FD1384-08B0-4C3B-8E31-084AF0CF3719}.Release|Any CPU.Build.0 = Release|Any CPU
		{F2544F69-C4E1-49A3-AEC2-1C206EC92D9C}.Debug|Any CPU.ActiveCfg = Debug|Any CPU
		{F2544F69-C4E1-49A3-AEC2-1C206EC92D9C}.Debug|Any CPU.Build.0 = Debug|Any CPU
		{F2544F69-C4E1-49A3-AEC2-1C206EC92D9C}.Release|Any CPU.ActiveCfg = Release|Any CPU
		{F2544F69-C4E1-49A3-AEC2-1C206EC92D9C}.Release|Any CPU.Build.0 = Release|Any CPU
		{C4170D3D-903E-4CF7-8404-2A812EC5E964}.Debug|Any CPU.ActiveCfg = Debug|Any CPU
		{C4170D3D-903E-4CF7-8404-2A812EC5E964}.Debug|Any CPU.Build.0 = Debug|Any CPU
		{C4170D3D-903E-4CF7-8404-2A812EC5E964}.Release|Any CPU.ActiveCfg = Release|Any CPU
		{C4170D3D-903E-4CF7-8404-2A812EC5E964}.Release|Any CPU.Build.0 = Release|Any CPU
		{4C81DB4B-C95F-4C37-B99D-4B39D6ECC358}.Debug|Any CPU.ActiveCfg = Debug|Any CPU
		{4C81DB4B-C95F-4C37-B99D-4B39D6ECC358}.Debug|Any CPU.Build.0 = Debug|Any CPU
		{4C81DB4B-C95F-4C37-B99D-4B39D6ECC358}.Release|Any CPU.ActiveCfg = Release|Any CPU
		{4C81DB4B-C95F-4C37-B99D-4B39D6ECC358}.Release|Any CPU.Build.0 = Release|Any CPU
		{EB9194A8-0D0C-4312-9C8E-DF26942817AF}.Debug|Any CPU.ActiveCfg = Debug|Any CPU
		{EB9194A8-0D0C-4312-9C8E-DF26942817AF}.Debug|Any CPU.Build.0 = Debug|Any CPU
		{EB9194A8-0D0C-4312-9C8E-DF26942817AF}.Release|Any CPU.ActiveCfg = Release|Any CPU
		{EB9194A8-0D0C-4312-9C8E-DF26942817AF}.Release|Any CPU.Build.0 = Release|Any CPU
		{C6B22F40-6515-4879-A2CB-6D870807FAC0}.Debug|Any CPU.ActiveCfg = Debug|Any CPU
		{C6B22F40-6515-4879-A2CB-6D870807FAC0}.Debug|Any CPU.Build.0 = Debug|Any CPU
		{C6B22F40-6515-4879-A2CB-6D870807FAC0}.Release|Any CPU.ActiveCfg = Release|Any CPU
		{C6B22F40-6515-4879-A2CB-6D870807FAC0}.Release|Any CPU.Build.0 = Release|Any CPU
		{3D65B513-6D49-4835-9E78-E705EC6D9AF7}.Debug|Any CPU.ActiveCfg = Debug|Any CPU
		{3D65B513-6D49-4835-9E78-E705EC6D9AF7}.Debug|Any CPU.Build.0 = Debug|Any CPU
		{3D65B513-6D49-4835-9E78-E705EC6D9AF7}.Release|Any CPU.ActiveCfg = Release|Any CPU
		{3D65B513-6D49-4835-9E78-E705EC6D9AF7}.Release|Any CPU.Build.0 = Release|Any CPU
		{6F3E0BEE-6AB1-4149-9542-3C19829D937E}.Debug|Any CPU.ActiveCfg = Debug|Any CPU
		{6F3E0BEE-6AB1-4149-9542-3C19829D937E}.Debug|Any CPU.Build.0 = Debug|Any CPU
		{6F3E0BEE-6AB1-4149-9542-3C19829D937E}.Release|Any CPU.ActiveCfg = Release|Any CPU
		{6F3E0BEE-6AB1-4149-9542-3C19829D937E}.Release|Any CPU.Build.0 = Release|Any CPU
		{80A7B80F-A52D-45B0-A61B-2950EE6E96D5}.Debug|Any CPU.ActiveCfg = Debug|Any CPU
		{80A7B80F-A52D-45B0-A61B-2950EE6E96D5}.Debug|Any CPU.Build.0 = Debug|Any CPU
		{80A7B80F-A52D-45B0-A61B-2950EE6E96D5}.Release|Any CPU.ActiveCfg = Release|Any CPU
		{80A7B80F-A52D-45B0-A61B-2950EE6E96D5}.Release|Any CPU.Build.0 = Release|Any CPU
		{77ACF696-6243-43D8-B4D0-C465DB9D539D}.Debug|Any CPU.ActiveCfg = Debug|Any CPU
		{77ACF696-6243-43D8-B4D0-C465DB9D539D}.Debug|Any CPU.Build.0 = Debug|Any CPU
		{77ACF696-6243-43D8-B4D0-C465DB9D539D}.Release|Any CPU.ActiveCfg = Release|Any CPU
		{77ACF696-6243-43D8-B4D0-C465DB9D539D}.Release|Any CPU.Build.0 = Release|Any CPU
		{747A5250-9311-461B-9EC8-4309609543C4}.Debug|Any CPU.ActiveCfg = Debug|Any CPU
		{747A5250-9311-461B-9EC8-4309609543C4}.Debug|Any CPU.Build.0 = Debug|Any CPU
		{747A5250-9311-461B-9EC8-4309609543C4}.Release|Any CPU.ActiveCfg = Release|Any CPU
		{747A5250-9311-461B-9EC8-4309609543C4}.Release|Any CPU.Build.0 = Release|Any CPU
		{8BD5E734-2E85-4341-8FD9-4C5415185F90}.Debug|Any CPU.ActiveCfg = Debug|Any CPU
		{8BD5E734-2E85-4341-8FD9-4C5415185F90}.Debug|Any CPU.Build.0 = Debug|Any CPU
		{8BD5E734-2E85-4341-8FD9-4C5415185F90}.Release|Any CPU.ActiveCfg = Release|Any CPU
		{8BD5E734-2E85-4341-8FD9-4C5415185F90}.Release|Any CPU.Build.0 = Release|Any CPU
		{5CCD72A8-9579-47CB-99BB-ADD2365708D7}.Debug|Any CPU.ActiveCfg = Debug|Any CPU
		{5CCD72A8-9579-47CB-99BB-ADD2365708D7}.Debug|Any CPU.Build.0 = Debug|Any CPU
		{5CCD72A8-9579-47CB-99BB-ADD2365708D7}.Release|Any CPU.ActiveCfg = Release|Any CPU
		{5CCD72A8-9579-47CB-99BB-ADD2365708D7}.Release|Any CPU.Build.0 = Release|Any CPU
		{A3C380C5-F215-4ABD-B4A0-4265537615D2}.Debug|Any CPU.ActiveCfg = Debug|Any CPU
		{A3C380C5-F215-4ABD-B4A0-4265537615D2}.Debug|Any CPU.Build.0 = Debug|Any CPU
		{A3C380C5-F215-4ABD-B4A0-4265537615D2}.Release|Any CPU.ActiveCfg = Release|Any CPU
		{A3C380C5-F215-4ABD-B4A0-4265537615D2}.Release|Any CPU.Build.0 = Release|Any CPU
	EndGlobalSection
	GlobalSection(SolutionProperties) = preSolution
		HideSolutionNode = FALSE
	EndGlobalSection
	GlobalSection(NestedProjects) = preSolution
		{03990587-7C7A-4789-9A71-0D2CB9F8B0C3} = {6586D727-9FFA-44F4-A888-8CFBD362464E}
		{6E3B08EB-74DB-47B0-81C3-E8CFC6303DC4} = {03990587-7C7A-4789-9A71-0D2CB9F8B0C3}
		{A83D6FC2-C25B-43A5-8EC7-41088C2055C5} = {6586D727-9FFA-44F4-A888-8CFBD362464E}
		{44FD1384-08B0-4C3B-8E31-084AF0CF3719} = {A83D6FC2-C25B-43A5-8EC7-41088C2055C5}
		{A5936731-2681-405A-8604-5538ED405559} = {6586D727-9FFA-44F4-A888-8CFBD362464E}
		{46502B5A-DC17-4D4C-9772-9B97A7524678} = {A5936731-2681-405A-8604-5538ED405559}
		{780F0B90-9DD6-4CB5-BAB0-CEABF929728F} = {A5936731-2681-405A-8604-5538ED405559}
		{AA8E4DF7-554F-49A6-A9FB-0866167B5BFC} = {A5936731-2681-405A-8604-5538ED405559}
		{F2544F69-C4E1-49A3-AEC2-1C206EC92D9C} = {46502B5A-DC17-4D4C-9772-9B97A7524678}
		{C4170D3D-903E-4CF7-8404-2A812EC5E964} = {46502B5A-DC17-4D4C-9772-9B97A7524678}
		{4C81DB4B-C95F-4C37-B99D-4B39D6ECC358} = {780F0B90-9DD6-4CB5-BAB0-CEABF929728F}
		{EB9194A8-0D0C-4312-9C8E-DF26942817AF} = {AA8E4DF7-554F-49A6-A9FB-0866167B5BFC}
		{9D3A7937-4940-46C1-BCEA-AC255979D3C0} = {6586D727-9FFA-44F4-A888-8CFBD362464E}
		{C6B22F40-6515-4879-A2CB-6D870807FAC0} = {9D3A7937-4940-46C1-BCEA-AC255979D3C0}
		{3D65B513-6D49-4835-9E78-E705EC6D9AF7} = {9D3A7937-4940-46C1-BCEA-AC255979D3C0}
		{6F3E0BEE-6AB1-4149-9542-3C19829D937E} = {9D3A7937-4940-46C1-BCEA-AC255979D3C0}
		{80A7B80F-A52D-45B0-A61B-2950EE6E96D5} = {9D3A7937-4940-46C1-BCEA-AC255979D3C0}
		{77ACF696-6243-43D8-B4D0-C465DB9D539D} = {9D3A7937-4940-46C1-BCEA-AC255979D3C0}
		{80E51552-8AC9-4EB9-918F-586CC0FF9D49} = {6586D727-9FFA-44F4-A888-8CFBD362464E}
		{747A5250-9311-461B-9EC8-4309609543C4} = {80E51552-8AC9-4EB9-918F-586CC0FF9D49}
		{8BD5E734-2E85-4341-8FD9-4C5415185F90} = {D4CD7088-2DE3-4709-8089-237CCBB0D11B}
		{A3C380C5-F215-4ABD-B4A0-4265537615D2} = {58BFD978-87A8-486B-9687-759C00757151}
	EndGlobalSection
EndGlobal
